
Microsoft Visual Studio Solution File, Format Version 12.00
# Visual Studio Version 17
VisualStudioVersion = 17.9.34728.123
MinimumVisualStudioVersion = 10.0.40219.1
Project("{FAE04EC0-301F-11D3-BF4B-00C04F79EFBC}") = "OnlineCinemaDB", "OnlineCinemaDB\OnlineCinemaDB.csproj", "{6DB12E0D-D75D-4E0A-A6E1-6DBD6291EF42}"
EndProject
Global
	GlobalSection(SolutionConfigurationPlatforms) = preSolution
		Debug|Any CPU = Debug|Any CPU
		Release|Any CPU = Release|Any CPU
	EndGlobalSection
	GlobalSection(ProjectConfigurationPlatforms) = postSolution
		{6DB12E0D-D75D-4E0A-A6E1-6DBD6291EF42}.Debug|Any CPU.ActiveCfg = Debug|Any CPU
		{6DB12E0D-D75D-4E0A-A6E1-6DBD6291EF42}.Debug|Any CPU.Build.0 = Debug|Any CPU
		{6DB12E0D-D75D-4E0A-A6E1-6DBD6291EF42}.Release|Any CPU.ActiveCfg = Release|Any CPU
		{6DB12E0D-D75D-4E0A-A6E1-6DBD6291EF42}.Release|Any CPU.Build.0 = Release|Any CPU
	EndGlobalSection
	GlobalSection(SolutionProperties) = preSolution
		HideSolutionNode = FALSE
	EndGlobalSection
	GlobalSection(ExtensibilityGlobals) = postSolution
		SolutionGuid = {5B97B317-C1CC-4AC6-B663-809D08F5632B}
	EndGlobalSection
EndGlobal
